
Microsoft Visual Studio Solution File, Format Version 12.00
# Visual Studio 15
VisualStudioVersion = 15.0.28307.271
MinimumVisualStudioVersion = 10.0.40219.1
Project("{FAE04EC0-301F-11D3-BF4B-00C04F79EFBC}") = "Test_Q2_MathStudyWpfApp", "Test_Q2_MathStudyWpfApp\Test_Q2_MathStudyWpfApp.csproj", "{45BB5172-7640-4C8A-B8C8-BD3FAFE4CF8C}"
EndProject
Global
	GlobalSection(SolutionConfigurationPlatforms) = preSolution
		Debug|Any CPU = Debug|Any CPU
		Release|Any CPU = Release|Any CPU
	EndGlobalSection
	GlobalSection(ProjectConfigurationPlatforms) = postSolution
		{45BB5172-7640-4C8A-B8C8-BD3FAFE4CF8C}.Debug|Any CPU.ActiveCfg = Debug|Any CPU
		{45BB5172-7640-4C8A-B8C8-BD3FAFE4CF8C}.Debug|Any CPU.Build.0 = Debug|Any CPU
		{45BB5172-7640-4C8A-B8C8-BD3FAFE4CF8C}.Release|Any CPU.ActiveCfg = Release|Any CPU
		{45BB5172-7640-4C8A-B8C8-BD3FAFE4CF8C}.Release|Any CPU.Build.0 = Release|Any CPU
	EndGlobalSection
	GlobalSection(SolutionProperties) = preSolution
		HideSolutionNode = FALSE
	EndGlobalSection
	GlobalSection(ExtensibilityGlobals) = postSolution
		SolutionGuid = {F7605B1E-FAE9-4265-834C-FE5E13196698}
	EndGlobalSection
EndGlobal
